{
  "version": 4,
  "terraform_version": "0.12.20",
  "serial": 10,
  "lineage": "8b1071ad-75b9-a6b8-4f92-b28caa65a96d",
  "outputs": {},
  "resources": [
    {
      "mode": "data",
      "type": "archive_file",
      "name": "source_zip",
      "provider": "provider.archive",
      "instances": [
        {
          "schema_version": 0,
          "attributes": {
            "excludes": null,
            "id": "6e0bf74d74b7a6bda1729948d66111552dd54a4b",
            "output_base64sha256": "8N9DpSsGlqYG1eV6D3hYzqO9NTogHlZXI+IkkoQ9ZWU=",
            "output_md5": "7a5ec9ba2f4916534d80c86cc94e8fec",
            "output_path": "dist/onFirst.zip",
            "output_sha": "6e0bf74d74b7a6bda1729948d66111552dd54a4b",
            "output_size": 482,
            "source": [],
            "source_content": null,
            "source_content_filename": null,
            "source_dir": "src/onFirst",
            "source_file": null,
            "type": "zip"
          }
        }
      ]
    },
    {
      "mode": "managed",
      "type": "google_storage_bucket_object",
      "name": "function_source",
      "provider": "provider.google",
      "instances": [
        {
          "schema_version": 0,
          "attributes": {
            "bucket": "iac-for-serverless-terraform-config",
            "cache_control": "",
            "content": null,
            "content_disposition": "",
            "content_encoding": "",
            "content_language": "",
            "content_type": "application/zip",
            "crc32c": "IBQlpQ==",
            "detect_md5hash": "el7Jui9JFlNNgMhsyU6P7A==",
            "id": "iac-for-serverless-terraform-config-functions/onFirst.6e0bf74d74b7a6bda1729948d66111552dd54a4b.zip",
            "md5hash": "el7Jui9JFlNNgMhsyU6P7A==",
            "name": "functions/onFirst.6e0bf74d74b7a6bda1729948d66111552dd54a4b.zip",
            "output_name": "functions/onFirst.6e0bf74d74b7a6bda1729948d66111552dd54a4b.zip",
            "self_link": "https://www.googleapis.com/storage/v1/b/iac-for-serverless-terraform-config/o/functions%2FonFirst.6e0bf74d74b7a6bda1729948d66111552dd54a4b.zip",
            "source": "dist/onFirst.zip",
            "storage_class": "STANDARD"
          }
        }
      ]
    }
  ]
}
