{
  "version": 4,
  "terraform_version": "0.12.20",
  "serial": 95,
  "lineage": "a6721c5f-3a13-4fd2-2048-f3804f39e95e",
  "outputs": {},
  "resources": [
    {
      "mode": "data",
      "type": "google_iam_policy",
      "name": "noauth",
      "provider": "provider.google",
      "instances": [
        {
          "schema_version": 0,
          "attributes": {
            "audit_config": null,
            "binding": [
              {
                "members": [
                  "allUsers"
                ],
                "role": "roles/run.invoker"
              }
            ],
            "id": "3450855414",
            "policy_data": "{\"bindings\":[{\"members\":[\"allUsers\"],\"role\":\"roles/run.invoker\"}]}"
          }
        }
      ]
    },
    {
      "mode": "managed",
      "type": "google_cloud_run_service",
      "name": "default",
      "each": "list",
      "provider": "provider.google",
      "instances": [
        {
          "index_key": 0,
          "schema_version": 0,
          "attributes": {
            "id": "locations/us-central1/namespaces/iac-for-serverless/services/hello",
            "location": "us-central1",
            "metadata": [
              {
                "annotations": {
                  "serving.knative.dev/creator": "davidstanke@gmail.com",
                  "serving.knative.dev/lastModifier": "davidstanke@gmail.com"
                },
                "generation": 2,
                "labels": {
                  "cloud.googleapis.com/location": "us-central1"
                },
                "namespace": "iac-for-serverless",
                "resource_version": "AAWdPEBafUA",
                "self_link": "/apis/serving.knative.dev/v1/namespaces/809215774488/services/hello",
                "uid": "3c67036a-1105-498b-a186-5cb26695f77f"
              }
            ],
            "name": "hello",
            "project": "iac-for-serverless",
            "status": [
              {
                "conditions": [
                  {
                    "message": "",
                    "reason": "",
                    "status": "True",
                    "type": "Ready"
                  },
                  {
                    "message": "",
                    "reason": "",
                    "status": "True",
                    "type": "ConfigurationsReady"
                  },
                  {
                    "message": "",
                    "reason": "",
                    "status": "True",
                    "type": "RoutesReady"
                  }
                ],
                "latest_created_revision_name": "hello-rgzgq",
                "latest_ready_revision_name": "hello-rgzgq",
                "observed_generation": 2,
                "url": "https://hello-26jkxptspa-uc.a.run.app"
              }
            ],
            "template": [
              {
                "metadata": [],
                "spec": [
                  {
                    "container_concurrency": 0,
                    "containers": [
                      {
                        "args": [],
                        "command": [],
                        "env": [],
                        "env_from": [],
                        "image": "gcr.io/iac-for-serverless/hello:1580256949",
                        "resources": [],
                        "working_dir": ""
                      }
                    ],
                    "service_account_name": "",
                    "serving_state": ""
                  }
                ]
              }
            ],
            "timeouts": null,
            "traffic": [
              {
                "latest_revision": true,
                "percent": 100,
                "revision_name": ""
              }
            ]
          },
          "private": "eyJlMmJmYjczMC1lY2FhLTExZTYtOGY4OC0zNDM2M2JjN2M0YzAiOnsiY3JlYXRlIjozNjAwMDAwMDAwMDAsImRlbGV0ZSI6MjQwMDAwMDAwMDAwLCJ1cGRhdGUiOjM2MDAwMDAwMDAwMH19"
        },
        {
          "index_key": 1,
          "schema_version": 0,
          "attributes": {
            "id": "locations/us-central1/namespaces/iac-for-serverless/services/goodbye",
            "location": "us-central1",
            "metadata": [
              {
                "annotations": {
                  "serving.knative.dev/creator": "davidstanke@gmail.com",
                  "serving.knative.dev/lastModifier": "davidstanke@gmail.com"
                },
                "generation": 2,
                "labels": {
                  "cloud.googleapis.com/location": "us-central1"
                },
                "namespace": "iac-for-serverless",
                "resource_version": "AAWdPECA+NA",
                "self_link": "/apis/serving.knative.dev/v1/namespaces/809215774488/services/goodbye",
                "uid": "76c9d03e-ef98-4478-9373-0928cd5a6d87"
              }
            ],
            "name": "goodbye",
            "project": "iac-for-serverless",
            "status": [
              {
                "conditions": [
                  {
                    "message": "",
                    "reason": "",
                    "status": "True",
                    "type": "Ready"
                  },
                  {
                    "message": "",
                    "reason": "",
                    "status": "True",
                    "type": "ConfigurationsReady"
                  },
                  {
                    "message": "",
                    "reason": "",
                    "status": "True",
                    "type": "RoutesReady"
                  }
                ],
                "latest_created_revision_name": "goodbye-jjgbx",
                "latest_ready_revision_name": "goodbye-jjgbx",
                "observed_generation": 2,
                "url": "https://goodbye-26jkxptspa-uc.a.run.app"
              }
            ],
            "template": [
              {
                "metadata": [],
                "spec": [
                  {
                    "container_concurrency": 0,
                    "containers": [
                      {
                        "args": [],
                        "command": [],
                        "env": [],
                        "env_from": [],
                        "image": "gcr.io/iac-for-serverless/goodbye:1580256949",
                        "resources": [],
                        "working_dir": ""
                      }
                    ],
                    "service_account_name": "",
                    "serving_state": ""
                  }
                ]
              }
            ],
            "timeouts": null,
            "traffic": [
              {
                "latest_revision": true,
                "percent": 100,
                "revision_name": ""
              }
            ]
          },
          "private": "eyJlMmJmYjczMC1lY2FhLTExZTYtOGY4OC0zNDM2M2JjN2M0YzAiOnsiY3JlYXRlIjozNjAwMDAwMDAwMDAsImRlbGV0ZSI6MjQwMDAwMDAwMDAwLCJ1cGRhdGUiOjM2MDAwMDAwMDAwMH19"
        }
      ]
    },
    {
      "mode": "managed",
      "type": "google_cloud_run_service_iam_policy",
      "name": "allUsers",
      "each": "list",
      "provider": "provider.google",
      "instances": [
        {
          "index_key": 0,
          "schema_version": 0,
          "attributes": {
            "etag": "BwWdPD1LPKs=",
            "id": "v1/projects/iac-for-serverless/locations/us-central1/services/hello",
            "location": "us-central1",
            "policy_data": "{\"bindings\":[{\"members\":[\"allUsers\"],\"role\":\"roles/run.invoker\"}]}",
            "project": "iac-for-serverless",
            "service": "v1/projects/iac-for-serverless/locations/us-central1/services/hello"
          },
          "private": "bnVsbA==",
          "dependencies": [
            "google_cloud_run_service.default"
          ]
        },
        {
          "index_key": 1,
          "schema_version": 0,
          "attributes": {
            "etag": "BwWdPD1LY0A=",
            "id": "v1/projects/iac-for-serverless/locations/us-central1/services/goodbye",
            "location": "us-central1",
            "policy_data": "{\"bindings\":[{\"members\":[\"allUsers\"],\"role\":\"roles/run.invoker\"}]}",
            "project": "iac-for-serverless",
            "service": "v1/projects/iac-for-serverless/locations/us-central1/services/goodbye"
          },
          "private": "bnVsbA==",
          "dependencies": [
            "google_cloud_run_service.default"
          ]
        }
      ]
    },
    {
      "mode": "managed",
      "type": "google_project_service",
      "name": "run",
      "provider": "provider.google",
      "instances": [
        {
          "schema_version": 0,
          "attributes": {
            "disable_dependent_services": null,
            "disable_on_destroy": true,
            "id": "iac-for-serverless/run.googleapis.com",
            "project": "iac-for-serverless",
            "service": "run.googleapis.com",
            "timeouts": null
          },
          "private": "eyJlMmJmYjczMC1lY2FhLTExZTYtOGY4OC0zNDM2M2JjN2M0YzAiOnsiY3JlYXRlIjoxMjAwMDAwMDAwMDAwLCJkZWxldGUiOjEyMDAwMDAwMDAwMDAsInJlYWQiOjYwMDAwMDAwMDAwMCwidXBkYXRlIjoxMjAwMDAwMDAwMDAwfX0="
        }
      ]
    }
  ]
}
